// !$*UTF8*$!
{
	archiveVersion = 1;
	classes = {
	};
	objectVersion = 50;
	objects = {

/* Begin PBXBuildFile section */
		828451B12185F75A00F6729F /* AppDelegate.swift in Sources */ = {isa = PBXBuildFile; fileRef = 828451B02185F75A00F6729F /* AppDelegate.swift */; };
		828451B32185F75A00F6729F /* ViewController.swift in Sources */ = {isa = PBXBuildFile; fileRef = 828451B22185F75A00F6729F /* ViewController.swift */; };
		828451B62185F75A00F6729F /* Main.storyboard in Resources */ = {isa = PBXBuildFile; fileRef = 828451B42185F75A00F6729F /* Main.storyboard */; };
		828451B82185F75C00F6729F /* Assets.xcassets in Resources */ = {isa = PBXBuildFile; fileRef = 828451B72185F75C00F6729F /* Assets.xcassets */; };
		828451BB2185F75C00F6729F /* LaunchScreen.storyboard in Resources */ = {isa = PBXBuildFile; fileRef = 828451B92185F75C00F6729F /* LaunchScreen.storyboard */; };
		828451C82186082200F6729F /* FirstViewController.swift in Sources */ = {isa = PBXBuildFile; fileRef = 828451C72186082200F6729F /* FirstViewController.swift */; };
		8293FB932187661400664ECB /* BrainNim.swift in Sources */ = {isa = PBXBuildFile; fileRef = 8293FB922187661400664ECB /* BrainNim.swift */; };
		82E764A82189CED10099E421 /* BrainIA.swift in Sources */ = {isa = PBXBuildFile; fileRef = 82E764A72189CED10099E421 /* BrainIA.swift */; };
/* End PBXBuildFile section */

/* Begin PBXFileReference section */
		828451AD2185F75A00F6729F /* JeuxDeNim.app */ = {isa = PBXFileReference; explicitFileType = wrapper.application; includeInIndex = 0; path = JeuxDeNim.app; sourceTree = BUILT_PRODUCTS_DIR; };
		828451B02185F75A00F6729F /* AppDelegate.swift */ = {isa = PBXFileReference; lastKnownFileType = sourcecode.swift; path = AppDelegate.swift; sourceTree = "<group>"; };
		828451B22185F75A00F6729F /* ViewController.swift */ = {isa = PBXFileReference; lastKnownFileType = sourcecode.swift; path = ViewController.swift; sourceTree = "<group>"; };
		828451B52185F75A00F6729F /* Base */ = {isa = PBXFileReference; lastKnownFileType = file.storyboard; name = Base; path = Base.lproj/Main.storyboard; sourceTree = "<group>"; };
		828451B72185F75C00F6729F /* Assets.xcassets */ = {isa = PBXFileReference; lastKnownFileType = folder.assetcatalog; path = Assets.xcassets; sourceTree = "<group>"; };
		828451BA2185F75C00F6729F /* Base */ = {isa = PBXFileReference; lastKnownFileType = file.storyboard; name = Base; path = Base.lproj/LaunchScreen.storyboard; sourceTree = "<group>"; };
		828451BC2185F75C00F6729F /* Info.plist */ = {isa = PBXFileReference; lastKnownFileType = text.plist.xml; path = Info.plist; sourceTree = "<group>"; };
		828451C72186082200F6729F /* FirstViewController.swift */ = {isa = PBXFileReference; lastKnownFileType = sourcecode.swift; path = FirstViewController.swift; sourceTree = "<group>"; };
		8293FB922187661400664ECB /* BrainNim.swift */ = {isa = PBXFileReference; lastKnownFileType = sourcecode.swift; path = BrainNim.swift; sourceTree = "<group>"; };
		82E764A72189CED10099E421 /* BrainIA.swift */ = {isa = PBXFileReference; lastKnownFileType = sourcecode.swift; path = BrainIA.swift; sourceTree = "<group>"; };
/* End PBXFileReference section */

/* Begin PBXFrameworksBuildPhase section */
		828451AA2185F75A00F6729F /* Frameworks */ = {
			isa = PBXFrameworksBuildPhase;
			buildActionMask = 2147483647;
			files = (
			);
			runOnlyForDeploymentPostprocessing = 0;
		};
/* End PBXFrameworksBuildPhase section */

/* Begin PBXGroup section */
		828451A42185F75A00F6729F = {
			isa = PBXGroup;
			children = (
				828451AF2185F75A00F6729F /* JeuxDeNim */,
				828451AE2185F75A00F6729F /* Products */,
			);
			sourceTree = "<group>";
		};
		828451AE2185F75A00F6729F /* Products */ = {
			isa = PBXGroup;
			children = (
				828451AD2185F75A00F6729F /* JeuxDeNim.app */,
			);
			name = Products;
			sourceTree = "<group>";
		};
		828451AF2185F75A00F6729F /* JeuxDeNim */ = {
			isa = PBXGroup;
			children = (
				828451B02185F75A00F6729F /* AppDelegate.swift */,
				828451C6218605DE00F6729F /* Modèles */,
				828451C5218605D800F6729F /* Vues */,
				828451C4218605CE00F6729F /* Controllers */,
				828451B42185F75A00F6729F /* Main.storyboard */,
				828451B72185F75C00F6729F /* Assets.xcassets */,
				828451B92185F75C00F6729F /* LaunchScreen.storyboard */,
				828451BC2185F75C00F6729F /* Info.plist */,
			);
			path = JeuxDeNim;
			sourceTree = "<group>";
		};
		828451C4218605CE00F6729F /* Controllers */ = {
			isa = PBXGroup;
			children = (
				828451B22185F75A00F6729F /* ViewController.swift */,
				828451C72186082200F6729F /* FirstViewController.swift */,
			);
			path = Controllers;
			sourceTree = "<group>";
		};
		828451C5218605D800F6729F /* Vues */ = {
			isa = PBXGroup;
			children = (
			);
			path = Vues;
			sourceTree = "<group>";
		};
		828451C6218605DE00F6729F /* Modèles */ = {
			isa = PBXGroup;
			children = (
				8293FB922187661400664ECB /* BrainNim.swift */,
				82E764A72189CED10099E421 /* BrainIA.swift */,
			);
			name = "Modèles";
			path = "Modèles";
			sourceTree = "<group>";
		};
/* End PBXGroup section */

/* Begin PBXNativeTarget section */
		828451AC2185F75A00F6729F /* JeuxDeNim */ = {
			isa = PBXNativeTarget;
			buildConfigurationList = 828451BF2185F75C00F6729F /* Build configuration list for PBXNativeTarget "JeuxDeNim" */;
			buildPhases = (
				828451A92185F75A00F6729F /* Sources */,
				828451AA2185F75A00F6729F /* Frameworks */,
				828451AB2185F75A00F6729F /* Resources */,
			);
			buildRules = (
			);
			dependencies = (
			);
			name = JeuxDeNim;
			productName = JeuxDeNim;
			productReference = 828451AD2185F75A00F6729F /* JeuxDeNim.app */;
			productType = "com.apple.product-type.application";
		};
/* End PBXNativeTarget section */

/* Begin PBXProject section */
		828451A52185F75A00F6729F /* Project object */ = {
			isa = PBXProject;
			attributes = {
				LastSwiftUpdateCheck = 1000;
				LastUpgradeCheck = 1000;
				ORGANIZATIONNAME = "ludo iMac";
				TargetAttributes = {
					828451AC2185F75A00F6729F = {
						CreatedOnToolsVersion = 10.0;
					};
				};
			};
			buildConfigurationList = 828451A82185F75A00F6729F /* Build configuration list for PBXProject "JeuxDeNim" */;
			compatibilityVersion = "Xcode 9.3";
			developmentRegion = en;
			hasScannedForEncodings = 0;
			knownRegions = (
				en,
				Base,
			);
			mainGroup = 828451A42185F75A00F6729F;
			productRefGroup = 828451AE2185F75A00F6729F /* Products */;
			projectDirPath = "";
			projectRoot = "";
			targets = (
				828451AC2185F75A00F6729F /* JeuxDeNim */,
			);
		};
/* End PBXProject section */

/* Begin PBXResourcesBuildPhase section */
		828451AB2185F75A00F6729F /* Resources */ = {
			isa = PBXResourcesBuildPhase;
			buildActionMask = 2147483647;
			files = (
				828451BB2185F75C00F6729F /* LaunchScreen.storyboard in Resources */,
				828451B82185F75C00F6729F /* Assets.xcassets in Resources */,
				828451B62185F75A00F6729F /* Main.storyboard in Resources */,
			);
			runOnlyForDeploymentPostprocessing = 0;
		};
/* End PBXResourcesBuildPhase section */

/* Begin PBXSourcesBuildPhase section */
		828451A92185F75A00F6729F /* Sources */ = {
			isa = PBXSourcesBuildPhase;
			buildActionMask = 2147483647;
			files = (
				828451B32185F75A00F6729F /* ViewController.swift in Sources */,
				8293FB932187661400664ECB /* BrainNim.swift in Sources */,
				828451B12185F75A00F6729F /* AppDelegate.swift in Sources */,
				82E764A82189CED10099E421 /* BrainIA.swift in Sources */,
				828451C82186082200F6729F /* FirstViewController.swift in Sources */,
			);
			runOnlyForDeploymentPostprocessing = 0;
		};
/* End PBXSourcesBuildPhase section */

/* Begin PBXVariantGroup section */
		828451B42185F75A00F6729F /* Main.storyboard */ = {
			isa = PBXVariantGroup;
			children = (
				828451B52185F75A00F6729F /* Base */,
			);
			name = Main.storyboard;
			sourceTree = "<group>";
		};
		828451B92185F75C00F6729F /* LaunchScreen.storyboard */ = {
			isa = PBXVariantGroup;
			children = (
				828451BA2185F75C00F6729F /* Base */,
			);
			name = LaunchScreen.storyboard;
			sourceTree = "<group>";
		};
/* End PBXVariantGroup section */

/* Begin XCBuildConfiguration section */
		828451BD2185F75C00F6729F /* Debug */ = {
			isa = XCBuildConfiguration;
			buildSettings = {
				ALWAYS_SEARCH_USER_PATHS = NO;
				CLANG_ANALYZER_NONNULL = YES;
				CLANG_ANALYZER_NUMBER_OBJECT_CONVERSION = YES_AGGRESSIVE;
				CLANG_CXX_LANGUAGE_STANDARD = "gnu++14";
				CLANG_CXX_LIBRARY = "libc++";
				CLANG_ENABLE_MODULES = YES;
				CLANG_ENABLE_OBJC_ARC = YES;
				CLANG_ENABLE_OBJC_WEAK = YES;
				CLANG_WARN_BLOCK_CAPTURE_AUTORELEASING = YES;
				CLANG_WARN_BOOL_CONVERSION = YES;
				CLANG_WARN_COMMA = YES;
				CLANG_WARN_CONSTANT_CONVERSION = YES;
				CLANG_WARN_DEPRECATED_OBJC_IMPLEMENTATIONS = YES;
				CLANG_WARN_DIRECT_OBJC_ISA_USAGE = YES_ERROR;
				CLANG_WARN_DOCUMENTATION_COMMENTS = YES;
				CLANG_WARN_EMPTY_BODY = YES;
				CLANG_WARN_ENUM_CONVERSION = YES;
				CLANG_WARN_INFINITE_RECURSION = YES;
				CLANG_WARN_INT_CONVERSION = YES;
				CLANG_WARN_NON_LITERAL_NULL_CONVERSION = YES;
				CLANG_WARN_OBJC_IMPLICIT_RETAIN_SELF = YES;
				CLANG_WARN_OBJC_LITERAL_CONVERSION = YES;
				CLANG_WARN_OBJC_ROOT_CLASS = YES_ERROR;
				CLANG_WARN_RANGE_LOOP_ANALYSIS = YES;
				CLANG_WARN_STRICT_PROTOTYPES = YES;
				CLANG_WARN_SUSPICIOUS_MOVE = YES;
				CLANG_WARN_UNGUARDED_AVAILABILITY = YES_AGGRESSIVE;
				CLANG_WARN_UNREACHABLE_CODE = YES;
				CLANG_WARN__DUPLICATE_METHOD_MATCH = YES;
				CODE_SIGN_IDENTITY = "iPhone Developer";
				COPY_PHASE_STRIP = NO;
				DEBUG_INFORMATION_FORMAT = dwarf;
				ENABLE_STRICT_OBJC_MSGSEND = YES;
				ENABLE_TESTABILITY = YES;
				GCC_C_LANGUAGE_STANDARD = gnu11;
				GCC_DYNAMIC_NO_PIC = NO;
				GCC_NO_COMMON_BLOCKS = YES;
				GCC_OPTIMIZATION_LEVEL = 0;
				GCC_PREPROCESSOR_DEFINITIONS = (
					"DEBUG=1",
					"$(inherited)",
				);
				GCC_WARN_64_TO_32_BIT_CONVERSION = YES;
				GCC_WARN_ABOUT_RETURN_TYPE = YES_ERROR;
				GCC_WARN_UNDECLARED_SELECTOR = YES;
				GCC_WARN_UNINITIALIZED_AUTOS = YES_AGGRESSIVE;
				GCC_WARN_UNUSED_FUNCTION = YES;
				GCC_WARN_UNUSED_VARIABLE = YES;
				IPHONEOS_DEPLOYMENT_TARGET = 12.0;
				MTL_ENABLE_DEBUG_INFO = INCLUDE_SOURCE;
				MTL_FAST_MATH = YES;
				ONLY_ACTIVE_ARCH = YES;
				SDKROOT = iphoneos;
				SWIFT_ACTIVE_COMPILATION_CONDITIONS = DEBUG;
				SWIFT_OPTIMIZATION_LEVEL = "-Onone";
			};
			name = Debug;
		};
		828451BE2185F75C00F6729F /* Release */ = {
			isa = XCBuildConfiguration;
			buildSettings = {
				ALWAYS_SEARCH_USER_PATHS = NO;
				CLANG_ANALYZER_NONNULL = YES;
				CLANG_ANALYZER_NUMBER_OBJECT_CONVERSION = YES_AGGRESSIVE;
				CLANG_CXX_LANGUAGE_STANDARD = "gnu++14";
				CLANG_CXX_LIBRARY = "libc++";
				CLANG_ENABLE_MODULES = YES;
				CLANG_ENABLE_OBJC_ARC = YES;
				CLANG_ENABLE_OBJC_WEAK = YES;
				CLANG_WARN_BLOCK_CAPTURE_AUTORELEASING = YES;
				CLANG_WARN_BOOL_CONVERSION = YES;
				CLANG_WARN_COMMA = YES;
				CLANG_WARN_CONSTANT_CONVERSION = YES;
				CLANG_WARN_DEPRECATED_OBJC_IMPLEMENTATIONS = YES;
				CLANG_WARN_DIRECT_OBJC_ISA_USAGE = YES_ERROR;
				CLANG_WARN_DOCUMENTATION_COMMENTS = YES;
				CLANG_WARN_EMPTY_BODY = YES;
				CLANG_WARN_ENUM_CONVERSION = YES;
				CLANG_WARN_INFINITE_RECURSION = YES;
				CLANG_WARN_INT_CONVERSION = YES;
				CLANG_WARN_NON_LITERAL_NULL_CONVERSION = YES;
				CLANG_WARN_OBJC_IMPLICIT_RETAIN_SELF = YES;
				CLANG_WARN_OBJC_LITERAL_CONVERSION = YES;
				CLANG_WARN_OBJC_ROOT_CLASS = YES_ERROR;
				CLANG_WARN_RANGE_LOOP_ANALYSIS = YES;
				CLANG_WARN_STRICT_PROTOTYPES = YES;
				CLANG_WARN_SUSPICIOUS_MOVE = YES;
				CLANG_WARN_UNGUARDED_AVAILABILITY = YES_AGGRESSIVE;
				CLANG_WARN_UNREACHABLE_CODE = YES;
				CLANG_WARN__DUPLICATE_METHOD_MATCH = YES;
				CODE_SIGN_IDENTITY = "iPhone Developer";
				COPY_PHASE_STRIP = NO;
				DEBUG_INFORMATION_FORMAT = "dwarf-with-dsym";
				ENABLE_NS_ASSERTIONS = NO;
				ENABLE_STRICT_OBJC_MSGSEND = YES;
				GCC_C_LANGUAGE_STANDARD = gnu11;
				GCC_NO_COMMON_BLOCKS = YES;
				GCC_WARN_64_TO_32_BIT_CONVERSION = YES;
				GCC_WARN_ABOUT_RETURN_TYPE = YES_ERROR;
				GCC_WARN_UNDECLARED_SELECTOR = YES;
				GCC_WARN_UNINITIALIZED_AUTOS = YES_AGGRESSIVE;
				GCC_WARN_UNUSED_FUNCTION = YES;
				GCC_WARN_UNUSED_VARIABLE = YES;
				IPHONEOS_DEPLOYMENT_TARGET = 12.0;
				MTL_ENABLE_DEBUG_INFO = NO;
				MTL_FAST_MATH = YES;
				SDKROOT = iphoneos;
				SWIFT_COMPILATION_MODE = wholemodule;
				SWIFT_OPTIMIZATION_LEVEL = "-O";
				VALIDATE_PRODUCT = YES;
			};
			name = Release;
		};
		828451C02185F75C00F6729F /* Debug */ = {
			isa = XCBuildConfiguration;
			buildSettings = {
				ASSETCATALOG_COMPILER_APPICON_NAME = AppIcon;
				ASSETCATALOG_COMPILER_LAUNCHIMAGE_NAME = LaunchImage;
				CODE_SIGN_STYLE = Automatic;
				DEVELOPMENT_TEAM = T72R2QLAXV;
				INFOPLIST_FILE = JeuxDeNim/Info.plist;
				LD_RUNPATH_SEARCH_PATHS = (
					"$(inherited)",
					"@executable_path/Frameworks",
				);
				PRODUCT_BUNDLE_IDENTIFIER = webtab.com.JeuxDeNim;
				PRODUCT_NAME = "$(TARGET_NAME)";
				SWIFT_VERSION = 4.2;
				TARGETED_DEVICE_FAMILY = "1,2";
			};
			name = Debug;
		};
		828451C12185F75C00F6729F /* Release */ = {
			isa = XCBuildConfiguration;
			buildSettings = {
				ASSETCATALOG_COMPILER_APPICON_NAME = AppIcon;
				ASSETCATALOG_COMPILER_LAUNCHIMAGE_NAME = LaunchImage;
				CODE_SIGN_STYLE = Automatic;
				DEVELOPMENT_TEAM = T72R2QLAXV;
				INFOPLIST_FILE = JeuxDeNim/Info.plist;
				LD_RUNPATH_SEARCH_PATHS = (
					"$(inherited)",
					"@executable_path/Frameworks",
				);
				PRODUCT_BUNDLE_IDENTIFIER = webtab.com.JeuxDeNim;
				PRODUCT_NAME = "$(TARGET_NAME)";
				SWIFT_VERSION = 4.2;
				TARGETED_DEVICE_FAMILY = "1,2";
			};
			name = Release;
		};
/* End XCBuildConfiguration section */

/* Begin XCConfigurationList section */
		828451A82185F75A00F6729F /* Build configuration list for PBXProject "JeuxDeNim" */ = {
			isa = XCConfigurationList;
			buildConfigurations = (
				828451BD2185F75C00F6729F /* Debug */,
				828451BE2185F75C00F6729F /* Release */,
			);
			defaultConfigurationIsVisible = 0;
			defaultConfigurationName = Release;
		};
		828451BF2185F75C00F6729F /* Build configuration list for PBXNativeTarget "JeuxDeNim" */ = {
			isa = XCConfigurationList;
			buildConfigurations = (
				828451C02185F75C00F6729F /* Debug */,
				828451C12185F75C00F6729F /* Release */,
			);
			defaultConfigurationIsVisible = 0;
			defaultConfigurationName = Release;
		};
/* End XCConfigurationList section */
	};
	rootObject = 828451A52185F75A00F6729F /* Project object */;
}
